
Microsoft Visual Studio Solution File, Format Version 12.00
# Visual Studio Version 17
VisualStudioVersion = 17.10.35122.118
MinimumVisualStudioVersion = 10.0.40219.1
Project("{FAE04EC0-301F-11D3-BF4B-00C04F79EFBC}") = "HW_Linq_Classes", "HW_Linq_Classes.csproj", "{AD3BC2F9-B6AE-4BFB-B62F-E6A8A61DB6DC}"
EndProject
Global
	GlobalSection(SolutionConfigurationPlatforms) = preSolution
		Debug|Any CPU = Debug|Any CPU
		Release|Any CPU = Release|Any CPU
	EndGlobalSection
	GlobalSection(ProjectConfigurationPlatforms) = postSolution
		{AD3BC2F9-B6AE-4BFB-B62F-E6A8A61DB6DC}.Debug|Any CPU.ActiveCfg = Debug|Any CPU
		{AD3BC2F9-B6AE-4BFB-B62F-E6A8A61DB6DC}.Debug|Any CPU.Build.0 = Debug|Any CPU
		{AD3BC2F9-B6AE-4BFB-B62F-E6A8A61DB6DC}.Release|Any CPU.ActiveCfg = Release|Any CPU
		{AD3BC2F9-B6AE-4BFB-B62F-E6A8A61DB6DC}.Release|Any CPU.Build.0 = Release|Any CPU
	EndGlobalSection
	GlobalSection(SolutionProperties) = preSolution
		HideSolutionNode = FALSE
	EndGlobalSection
	GlobalSection(ExtensibilityGlobals) = postSolution
		SolutionGuid = {36722620-C46F-4D70-8727-7C78D803F3AB}
	EndGlobalSection
EndGlobal
